
Microsoft Visual Studio Solution File, Format Version 12.00
# Visual Studio Version 17
VisualStudioVersion = 17.7.34024.191
MinimumVisualStudioVersion = 10.0.40219.1
Project("{FAE04EC0-301F-11D3-BF4B-00C04F79EFBC}") = "FactorizacionCuadratica", "FactorizacionCuadratica\FactorizacionCuadratica.csproj", "{29A2ECF1-A3AA-4190-87DA-6AA414961E99}"
EndProject
Global
	GlobalSection(SolutionConfigurationPlatforms) = preSolution
		Debug|Any CPU = Debug|Any CPU
		Release|Any CPU = Release|Any CPU
	EndGlobalSection
	GlobalSection(ProjectConfigurationPlatforms) = postSolution
		{29A2ECF1-A3AA-4190-87DA-6AA414961E99}.Debug|Any CPU.ActiveCfg = Debug|Any CPU
		{29A2ECF1-A3AA-4190-87DA-6AA414961E99}.Debug|Any CPU.Build.0 = Debug|Any CPU
		{29A2ECF1-A3AA-4190-87DA-6AA414961E99}.Release|Any CPU.ActiveCfg = Release|Any CPU
		{29A2ECF1-A3AA-4190-87DA-6AA414961E99}.Release|Any CPU.Build.0 = Release|Any CPU
	EndGlobalSection
	GlobalSection(SolutionProperties) = preSolution
		HideSolutionNode = FALSE
	EndGlobalSection
	GlobalSection(ExtensibilityGlobals) = postSolution
		SolutionGuid = {04C0EA15-95CD-4E04-81E6-66EA1B779451}
	EndGlobalSection
EndGlobal
